
Microsoft Visual Studio Solution File, Format Version 12.00
# Visual Studio 15
Project("{FAE04EC0-301F-11D3-BF4B-00C04F79EFBC}") = "SKS", "Assembly-CSharp.csproj", "{2900F14C-4039-3B7E-2FAD-70953DB17772}"
EndProject
Global
	GlobalSection(SolutionConfigurationPlatforms) = preSolution
		Debug|Any CPU = Debug|Any CPU
		Release|Any CPU = Release|Any CPU
	EndGlobalSection
	GlobalSection(ProjectConfigurationPlatforms) = postSolution
		{2900F14C-4039-3B7E-2FAD-70953DB17772}.Debug|Any CPU.ActiveCfg = Debug|Any CPU
		{2900F14C-4039-3B7E-2FAD-70953DB17772}.Debug|Any CPU.Build.0 = Debug|Any CPU
		{2900F14C-4039-3B7E-2FAD-70953DB17772}.Release|Any CPU.ActiveCfg = Release|Any CPU
		{2900F14C-4039-3B7E-2FAD-70953DB17772}.Release|Any CPU.Build.0 = Release|Any CPU
	EndGlobalSection
	GlobalSection(SolutionProperties) = preSolution
		HideSolutionNode = FALSE
	EndGlobalSection
EndGlobal
